// !$*UTF8*$!
{
	archiveVersion = 1;
	classes = {
	};
	objectVersion = 56;
	objects = {

/* Begin PBXBuildFile section */
		ED1EA5CE2C8154840048C44C /* AppKit.framework in Frameworks */ = {isa = PBXBuildFile; fileRef = ED1EA5CD2C8154840048C44C /* AppKit.framework */; };
		ED83470F2A73559C00B5DE07 /* common.h in Headers */ = {isa = PBXBuildFile; fileRef = ED83470B2A73559B00B5DE07 /* common.h */; };
		ED8347102A73559C00B5DE07 /* AvnString.h in Headers */ = {isa = PBXBuildFile; fileRef = ED83470C2A73559B00B5DE07 /* AvnString.h */; };
		ED8347112A73559C00B5DE07 /* main.mm in Sources */ = {isa = PBXBuildFile; fileRef = ED83470D2A73559B00B5DE07 /* main.mm */; };
		ED8347122A73559C00B5DE07 /* AvnString.mm in Sources */ = {isa = PBXBuildFile; fileRef = ED83470E2A73559C00B5DE07 /* AvnString.mm */; };
		ED8347182A7355B600B5DE07 /* comimpl.h in Headers */ = {isa = PBXBuildFile; fileRef = ED8347152A7355B600B5DE07 /* comimpl.h */; };
		ED8347192A7355B600B5DE07 /* webview-native.h in Headers */ = {isa = PBXBuildFile; fileRef = ED8347162A7355B600B5DE07 /* webview-native.h */; };
		ED83471A2A7355B600B5DE07 /* com.h in Headers */ = {isa = PBXBuildFile; fileRef = ED8347172A7355B600B5DE07 /* com.h */; };
		ED83471D2A735B9800B5DE07 /* WebKit.framework in Frameworks */ = {isa = PBXBuildFile; fileRef = ED83471C2A735B9800B5DE07 /* WebKit.framework */; };
/* End PBXBuildFile section */

/* Begin PBXFileReference section */
		ED0BC0512C8FCF8100BDD38C /* KeyTransform.h */ = {isa = PBXFileReference; lastKnownFileType = sourcecode.c.h; path = KeyTransform.h; sourceTree = "<group>"; };
		ED1EA5CD2C8154840048C44C /* AppKit.framework */ = {isa = PBXFileReference; lastKnownFileType = wrapper.framework; name = AppKit.framework; path = System/Library/Frameworks/AppKit.framework; sourceTree = SDKROOT; };
		ED8346FF2A7354FC00B5DE07 /* libWebView.Native.OSX.dylib */ = {isa = PBXFileReference; explicitFileType = "compiled.mach-o.dylib"; includeInIndex = 0; path = libWebView.Native.OSX.dylib; sourceTree = BUILT_PRODUCTS_DIR; };
		ED83470B2A73559B00B5DE07 /* common.h */ = {isa = PBXFileReference; fileEncoding = 4; lastKnownFileType = sourcecode.c.h; path = common.h; sourceTree = "<group>"; };
		ED83470C2A73559B00B5DE07 /* AvnString.h */ = {isa = PBXFileReference; fileEncoding = 4; lastKnownFileType = sourcecode.c.h; path = AvnString.h; sourceTree = "<group>"; };
		ED83470D2A73559B00B5DE07 /* main.mm */ = {isa = PBXFileReference; fileEncoding = 4; lastKnownFileType = sourcecode.cpp.objcpp; path = main.mm; sourceTree = "<group>"; };
		ED83470E2A73559C00B5DE07 /* AvnString.mm */ = {isa = PBXFileReference; fileEncoding = 4; lastKnownFileType = sourcecode.cpp.objcpp; path = AvnString.mm; sourceTree = "<group>"; };
		ED8347152A7355B600B5DE07 /* comimpl.h */ = {isa = PBXFileReference; fileEncoding = 4; lastKnownFileType = sourcecode.c.h; name = comimpl.h; path = ../../inc/comimpl.h; sourceTree = "<group>"; };
		ED8347162A7355B600B5DE07 /* webview-native.h */ = {isa = PBXFileReference; fileEncoding = 4; lastKnownFileType = sourcecode.c.h; name = "webview-native.h"; path = "../../inc/webview-native.h"; sourceTree = "<group>"; };
		ED8347172A7355B600B5DE07 /* com.h */ = {isa = PBXFileReference; fileEncoding = 4; lastKnownFileType = sourcecode.c.h; name = com.h; path = ../../inc/com.h; sourceTree = "<group>"; };
		ED83471C2A735B9800B5DE07 /* WebKit.framework */ = {isa = PBXFileReference; lastKnownFileType = wrapper.framework; name = WebKit.framework; path = System/Library/Frameworks/WebKit.framework; sourceTree = SDKROOT; };
/* End PBXFileReference section */

/* Begin PBXFrameworksBuildPhase section */
		ED8346FD2A7354FC00B5DE07 /* Frameworks */ = {
			isa = PBXFrameworksBuildPhase;
			buildActionMask = 2147483647;
			files = (
				ED1EA5CE2C8154840048C44C /* AppKit.framework in Frameworks */,
				ED83471D2A735B9800B5DE07 /* WebKit.framework in Frameworks */,
			);
			runOnlyForDeploymentPostprocessing = 0;
		};
/* End PBXFrameworksBuildPhase section */

/* Begin PBXGroup section */
		ED8346F62A7354FC00B5DE07 = {
			isa = PBXGroup;
			children = (
				ED0BC0512C8FCF8100BDD38C /* KeyTransform.h */,
				ED8347142A7355A600B5DE07 /* headers */,
				ED83470C2A73559B00B5DE07 /* AvnString.h */,
				ED83470E2A73559C00B5DE07 /* AvnString.mm */,
				ED83470B2A73559B00B5DE07 /* common.h */,
				ED83470D2A73559B00B5DE07 /* main.mm */,
				ED8347002A7354FC00B5DE07 /* Products */,
				ED83471B2A735B9800B5DE07 /* Frameworks */,
			);
			sourceTree = "<group>";
		};
		ED8347002A7354FC00B5DE07 /* Products */ = {
			isa = PBXGroup;
			children = (
				ED8346FF2A7354FC00B5DE07 /* libWebView.Native.OSX.dylib */,
			);
			name = Products;
			sourceTree = "<group>";
		};
		ED8347142A7355A600B5DE07 /* headers */ = {
			isa = PBXGroup;
			children = (
				ED8347172A7355B600B5DE07 /* com.h */,
				ED8347152A7355B600B5DE07 /* comimpl.h */,
				ED8347162A7355B600B5DE07 /* webview-native.h */,
			);
			name = headers;
			sourceTree = "<group>";
		};
		ED83471B2A735B9800B5DE07 /* Frameworks */ = {
			isa = PBXGroup;
			children = (
				ED1EA5CD2C8154840048C44C /* AppKit.framework */,
				ED83471C2A735B9800B5DE07 /* WebKit.framework */,
			);
			name = Frameworks;
			sourceTree = "<group>";
		};
/* End PBXGroup section */

/* Begin PBXHeadersBuildPhase section */
		ED8346FB2A7354FC00B5DE07 /* Headers */ = {
			isa = PBXHeadersBuildPhase;
			buildActionMask = 2147483647;
			files = (
				ED8347182A7355B600B5DE07 /* comimpl.h in Headers */,
				ED83470F2A73559C00B5DE07 /* common.h in Headers */,
				ED83471A2A7355B600B5DE07 /* com.h in Headers */,
				ED8347102A73559C00B5DE07 /* AvnString.h in Headers */,
				ED8347192A7355B600B5DE07 /* webview-native.h in Headers */,
			);
			runOnlyForDeploymentPostprocessing = 0;
		};
/* End PBXHeadersBuildPhase section */

/* Begin PBXNativeTarget section */
		ED8346FE2A7354FC00B5DE07 /* WebView.Native.OSX */ = {
			isa = PBXNativeTarget;
			buildConfigurationList = ED8347082A7354FC00B5DE07 /* Build configuration list for PBXNativeTarget "WebView.Native.OSX" */;
			buildPhases = (
				ED8346FB2A7354FC00B5DE07 /* Headers */,
				ED8346FC2A7354FC00B5DE07 /* Sources */,
				ED8346FD2A7354FC00B5DE07 /* Frameworks */,
			);
			buildRules = (
			);
			dependencies = (
			);
			name = WebView.Native.OSX;
			productName = WebView.Native.OSX;
			productReference = ED8346FF2A7354FC00B5DE07 /* libWebView.Native.OSX.dylib */;
			productType = "com.apple.product-type.library.dynamic";
		};
/* End PBXNativeTarget section */

/* Begin PBXProject section */
		ED8346F72A7354FC00B5DE07 /* Project object */ = {
			isa = PBXProject;
			attributes = {
				BuildIndependentTargetsInParallel = 1;
				LastUpgradeCheck = 1540;
				TargetAttributes = {
					ED8346FE2A7354FC00B5DE07 = {
						CreatedOnToolsVersion = 14.3;
					};
				};
			};
			buildConfigurationList = ED8346FA2A7354FC00B5DE07 /* Build configuration list for PBXProject "WebView.Native.OSX" */;
			compatibilityVersion = "Xcode 14.0";
			developmentRegion = en;
			hasScannedForEncodings = 0;
			knownRegions = (
				en,
				Base,
			);
			mainGroup = ED8346F62A7354FC00B5DE07;
			productRefGroup = ED8347002A7354FC00B5DE07 /* Products */;
			projectDirPath = "";
			projectRoot = "";
			targets = (
				ED8346FE2A7354FC00B5DE07 /* WebView.Native.OSX */,
			);
		};
/* End PBXProject section */

/* Begin PBXSourcesBuildPhase section */
		ED8346FC2A7354FC00B5DE07 /* Sources */ = {
			isa = PBXSourcesBuildPhase;
			buildActionMask = 2147483647;
			files = (
				ED8347122A73559C00B5DE07 /* AvnString.mm in Sources */,
				ED8347112A73559C00B5DE07 /* main.mm in Sources */,
			);
			runOnlyForDeploymentPostprocessing = 0;
		};
/* End PBXSourcesBuildPhase section */

/* Begin XCBuildConfiguration section */
		ED8347062A7354FC00B5DE07 /* Debug */ = {
			isa = XCBuildConfiguration;
			buildSettings = {
				ALWAYS_SEARCH_USER_PATHS = NO;
				CLANG_ANALYZER_NONNULL = YES;
				CLANG_ANALYZER_NUMBER_OBJECT_CONVERSION = YES_AGGRESSIVE;
				CLANG_CXX_LANGUAGE_STANDARD = "gnu++20";
				CLANG_ENABLE_MODULES = YES;
				CLANG_ENABLE_OBJC_ARC = YES;
				CLANG_ENABLE_OBJC_WEAK = YES;
				CLANG_WARN_BLOCK_CAPTURE_AUTORELEASING = YES;
				CLANG_WARN_BOOL_CONVERSION = YES;
				CLANG_WARN_COMMA = YES;
				CLANG_WARN_CONSTANT_CONVERSION = YES;
				CLANG_WARN_DEPRECATED_OBJC_IMPLEMENTATIONS = YES;
				CLANG_WARN_DIRECT_OBJC_ISA_USAGE = YES_ERROR;
				CLANG_WARN_DOCUMENTATION_COMMENTS = YES;
				CLANG_WARN_EMPTY_BODY = YES;
				CLANG_WARN_ENUM_CONVERSION = YES;
				CLANG_WARN_INFINITE_RECURSION = YES;
				CLANG_WARN_INT_CONVERSION = YES;
				CLANG_WARN_NON_LITERAL_NULL_CONVERSION = YES;
				CLANG_WARN_OBJC_IMPLICIT_RETAIN_SELF = YES;
				CLANG_WARN_OBJC_LITERAL_CONVERSION = YES;
				CLANG_WARN_OBJC_ROOT_CLASS = YES_ERROR;
				CLANG_WARN_QUOTED_INCLUDE_IN_FRAMEWORK_HEADER = YES;
				CLANG_WARN_RANGE_LOOP_ANALYSIS = YES;
				CLANG_WARN_STRICT_PROTOTYPES = YES;
				CLANG_WARN_SUSPICIOUS_MOVE = YES;
				CLANG_WARN_UNGUARDED_AVAILABILITY = YES_AGGRESSIVE;
				CLANG_WARN_UNREACHABLE_CODE = YES;
				CLANG_WARN__DUPLICATE_METHOD_MATCH = YES;
				COPY_PHASE_STRIP = NO;
				DEAD_CODE_STRIPPING = YES;
				DEBUG_INFORMATION_FORMAT = dwarf;
				ENABLE_STRICT_OBJC_MSGSEND = YES;
				ENABLE_TESTABILITY = YES;
				GCC_C_LANGUAGE_STANDARD = gnu11;
				GCC_DYNAMIC_NO_PIC = NO;
				GCC_NO_COMMON_BLOCKS = YES;
				GCC_OPTIMIZATION_LEVEL = 0;
				GCC_PREPROCESSOR_DEFINITIONS = (
					"DEBUG=1",
					"$(inherited)",
				);
				GCC_WARN_64_TO_32_BIT_CONVERSION = YES;
				GCC_WARN_ABOUT_RETURN_TYPE = YES_ERROR;
				GCC_WARN_UNDECLARED_SELECTOR = YES;
				GCC_WARN_UNINITIALIZED_AUTOS = YES_AGGRESSIVE;
				GCC_WARN_UNUSED_FUNCTION = YES;
				GCC_WARN_UNUSED_VARIABLE = YES;
				MACOSX_DEPLOYMENT_TARGET = 10.14;
				MTL_ENABLE_DEBUG_INFO = INCLUDE_SOURCE;
				MTL_FAST_MATH = YES;
				ONLY_ACTIVE_ARCH = YES;
				SDKROOT = macosx;
			};
			name = Debug;
		};
		ED8347072A7354FC00B5DE07 /* Release */ = {
			isa = XCBuildConfiguration;
			buildSettings = {
				ALWAYS_SEARCH_USER_PATHS = NO;
				CLANG_ANALYZER_NONNULL = YES;
				CLANG_ANALYZER_NUMBER_OBJECT_CONVERSION = YES_AGGRESSIVE;
				CLANG_CXX_LANGUAGE_STANDARD = "gnu++20";
				CLANG_ENABLE_MODULES = YES;
				CLANG_ENABLE_OBJC_ARC = YES;
				CLANG_ENABLE_OBJC_WEAK = YES;
				CLANG_WARN_BLOCK_CAPTURE_AUTORELEASING = YES;
				CLANG_WARN_BOOL_CONVERSION = YES;
				CLANG_WARN_COMMA = YES;
				CLANG_WARN_CONSTANT_CONVERSION = YES;
				CLANG_WARN_DEPRECATED_OBJC_IMPLEMENTATIONS = YES;
				CLANG_WARN_DIRECT_OBJC_ISA_USAGE = YES_ERROR;
				CLANG_WARN_DOCUMENTATION_COMMENTS = YES;
				CLANG_WARN_EMPTY_BODY = YES;
				CLANG_WARN_ENUM_CONVERSION = YES;
				CLANG_WARN_INFINITE_RECURSION = YES;
				CLANG_WARN_INT_CONVERSION = YES;
				CLANG_WARN_NON_LITERAL_NULL_CONVERSION = YES;
				CLANG_WARN_OBJC_IMPLICIT_RETAIN_SELF = YES;
				CLANG_WARN_OBJC_LITERAL_CONVERSION = YES;
				CLANG_WARN_OBJC_ROOT_CLASS = YES_ERROR;
				CLANG_WARN_QUOTED_INCLUDE_IN_FRAMEWORK_HEADER = YES;
				CLANG_WARN_RANGE_LOOP_ANALYSIS = YES;
				CLANG_WARN_STRICT_PROTOTYPES = YES;
				CLANG_WARN_SUSPICIOUS_MOVE = YES;
				CLANG_WARN_UNGUARDED_AVAILABILITY = YES_AGGRESSIVE;
				CLANG_WARN_UNREACHABLE_CODE = YES;
				CLANG_WARN__DUPLICATE_METHOD_MATCH = YES;
				COPY_PHASE_STRIP = NO;
				DEAD_CODE_STRIPPING = YES;
				DEBUG_INFORMATION_FORMAT = "dwarf-with-dsym";
				ENABLE_NS_ASSERTIONS = NO;
				ENABLE_STRICT_OBJC_MSGSEND = YES;
				GCC_C_LANGUAGE_STANDARD = gnu11;
				GCC_NO_COMMON_BLOCKS = YES;
				GCC_WARN_64_TO_32_BIT_CONVERSION = YES;
				GCC_WARN_ABOUT_RETURN_TYPE = YES_ERROR;
				GCC_WARN_UNDECLARED_SELECTOR = YES;
				GCC_WARN_UNINITIALIZED_AUTOS = YES_AGGRESSIVE;
				GCC_WARN_UNUSED_FUNCTION = YES;
				GCC_WARN_UNUSED_VARIABLE = YES;
				MACOSX_DEPLOYMENT_TARGET = 10.14;
				MTL_ENABLE_DEBUG_INFO = NO;
				MTL_FAST_MATH = YES;
				SDKROOT = macosx;
			};
			name = Release;
		};
		ED8347092A7354FC00B5DE07 /* Debug */ = {
			isa = XCBuildConfiguration;
			buildSettings = {
				CODE_SIGN_STYLE = Automatic;
				DEAD_CODE_STRIPPING = YES;
				DYLIB_COMPATIBILITY_VERSION = 1;
				DYLIB_CURRENT_VERSION = 1;
				EXECUTABLE_PREFIX = lib;
				IPHONEOS_DEPLOYMENT_TARGET = 13.0;
				MACOSX_DEPLOYMENT_TARGET = 10.14;
				PRODUCT_NAME = "$(TARGET_NAME)";
				SKIP_INSTALL = YES;
				TVOS_DEPLOYMENT_TARGET = 13.4;
			};
			name = Debug;
		};
		ED83470A2A7354FC00B5DE07 /* Release */ = {
			isa = XCBuildConfiguration;
			buildSettings = {
				CODE_SIGN_STYLE = Automatic;
				DEAD_CODE_STRIPPING = YES;
				DYLIB_COMPATIBILITY_VERSION = 1;
				DYLIB_CURRENT_VERSION = 1;
				EXECUTABLE_PREFIX = lib;
				IPHONEOS_DEPLOYMENT_TARGET = 13.0;
				MACOSX_DEPLOYMENT_TARGET = 10.14;
				PRODUCT_NAME = "$(TARGET_NAME)";
				SKIP_INSTALL = YES;
				TVOS_DEPLOYMENT_TARGET = 13.4;
			};
			name = Release;
		};
/* End XCBuildConfiguration section */

/* Begin XCConfigurationList section */
		ED8346FA2A7354FC00B5DE07 /* Build configuration list for PBXProject "WebView.Native.OSX" */ = {
			isa = XCConfigurationList;
			buildConfigurations = (
				ED8347062A7354FC00B5DE07 /* Debug */,
				ED8347072A7354FC00B5DE07 /* Release */,
			);
			defaultConfigurationIsVisible = 0;
			defaultConfigurationName = Release;
		};
		ED8347082A7354FC00B5DE07 /* Build configuration list for PBXNativeTarget "WebView.Native.OSX" */ = {
			isa = XCConfigurationList;
			buildConfigurations = (
				ED8347092A7354FC00B5DE07 /* Debug */,
				ED83470A2A7354FC00B5DE07 /* Release */,
			);
			defaultConfigurationIsVisible = 0;
			defaultConfigurationName = Release;
		};
/* End XCConfigurationList section */
	};
	rootObject = ED8346F72A7354FC00B5DE07 /* Project object */;
}
